
Microsoft Visual Studio Solution File, Format Version 12.00
# Visual Studio 15
VisualStudioVersion = 15.0.26430.12
MinimumVisualStudioVersion = 10.0.40219.1
Project("{FAE04EC0-301F-11D3-BF4B-00C04F79EFBC}") = "Ex1_Quotes.Android", "Ex1_Quotes\Ex1_Quotes.Android\Ex1_Quotes.Android.csproj", "{BCB54B6F-B844-48AA-8490-C87D4996F51D}"
EndProject
Project("{FAE04EC0-301F-11D3-BF4B-00C04F79EFBC}") = "Ex1_Quotes", "Ex1_Quotes\Ex1_Quotes\Ex1_Quotes.csproj", "{31F3A88A-1011-4445-8BDA-4E3D92A16C61}"
EndProject
Project("{FAE04EC0-301F-11D3-BF4B-00C04F79EFBC}") = "Ex1_Quotes.iOS", "Ex1_Quotes\Ex1_Quotes.iOS\Ex1_Quotes.iOS.csproj", "{050379E9-5AD9-4E4F-8915-261CE0ABCA12}"
EndProject
Global
	GlobalSection(SolutionConfigurationPlatforms) = preSolution
		Ad-Hoc|Any CPU = Ad-Hoc|Any CPU
		Ad-Hoc|iPhone = Ad-Hoc|iPhone
		Ad-Hoc|iPhoneSimulator = Ad-Hoc|iPhoneSimulator
		AppStore|Any CPU = AppStore|Any CPU
		AppStore|iPhone = AppStore|iPhone
		AppStore|iPhoneSimulator = AppStore|iPhoneSimulator
		Debug|Any CPU = Debug|Any CPU
		Debug|iPhone = Debug|iPhone
		Debug|iPhoneSimulator = Debug|iPhoneSimulator
		Release|Any CPU = Release|Any CPU
		Release|iPhone = Release|iPhone
		Release|iPhoneSimulator = Release|iPhoneSimulator
	EndGlobalSection
	GlobalSection(ProjectConfigurationPlatforms) = postSolution
		{BCB54B6F-B844-48AA-8490-C87D4996F51D}.Ad-Hoc|Any CPU.ActiveCfg = Release|Any CPU
		{BCB54B6F-B844-48AA-8490-C87D4996F51D}.Ad-Hoc|Any CPU.Build.0 = Release|Any CPU
		{BCB54B6F-B844-48AA-8490-C87D4996F51D}.Ad-Hoc|Any CPU.Deploy.0 = Release|Any CPU
		{BCB54B6F-B844-48AA-8490-C87D4996F51D}.Ad-Hoc|iPhone.ActiveCfg = Release|Any CPU
		{BCB54B6F-B844-48AA-8490-C87D4996F51D}.Ad-Hoc|iPhone.Build.0 = Release|Any CPU
		{BCB54B6F-B844-48AA-8490-C87D4996F51D}.Ad-Hoc|iPhone.Deploy.0 = Release|Any CPU
		{BCB54B6F-B844-48AA-8490-C87D4996F51D}.Ad-Hoc|iPhoneSimulator.ActiveCfg = Release|Any CPU
		{BCB54B6F-B844-48AA-8490-C87D4996F51D}.Ad-Hoc|iPhoneSimulator.Build.0 = Release|Any CPU
		{BCB54B6F-B844-48AA-8490-C87D4996F51D}.Ad-Hoc|iPhoneSimulator.Deploy.0 = Release|Any CPU
		{BCB54B6F-B844-48AA-8490-C87D4996F51D}.AppStore|Any CPU.ActiveCfg = Release|Any CPU
		{BCB54B6F-B844-48AA-8490-C87D4996F51D}.AppStore|Any CPU.Build.0 = Release|Any CPU
		{BCB54B6F-B844-48AA-8490-C87D4996F51D}.AppStore|Any CPU.Deploy.0 = Release|Any CPU
		{BCB54B6F-B844-48AA-8490-C87D4996F51D}.AppStore|iPhone.ActiveCfg = Release|Any CPU
		{BCB54B6F-B844-48AA-8490-C87D4996F51D}.AppStore|iPhone.Build.0 = Release|Any CPU
		{BCB54B6F-B844-48AA-8490-C87D4996F51D}.AppStore|iPhone.Deploy.0 = Release|Any CPU
		{BCB54B6F-B844-48AA-8490-C87D4996F51D}.AppStore|iPhoneSimulator.ActiveCfg = Release|Any CPU
		{BCB54B6F-B844-48AA-8490-C87D4996F51D}.AppStore|iPhoneSimulator.Build.0 = Release|Any CPU
		{BCB54B6F-B844-48AA-8490-C87D4996F51D}.AppStore|iPhoneSimulator.Deploy.0 = Release|Any CPU
		{BCB54B6F-B844-48AA-8490-C87D4996F51D}.Debug|Any CPU.ActiveCfg = Debug|Any CPU
		{BCB54B6F-B844-48AA-8490-C87D4996F51D}.Debug|Any CPU.Build.0 = Debug|Any CPU
		{BCB54B6F-B844-48AA-8490-C87D4996F51D}.Debug|Any CPU.Deploy.0 = Debug|Any CPU
		{BCB54B6F-B844-48AA-8490-C87D4996F51D}.Debug|iPhone.ActiveCfg = Debug|Any CPU
		{BCB54B6F-B844-48AA-8490-C87D4996F51D}.Debug|iPhone.Build.0 = Debug|Any CPU
		{BCB54B6F-B844-48AA-8490-C87D4996F51D}.Debug|iPhone.Deploy.0 = Debug|Any CPU
		{BCB54B6F-B844-48AA-8490-C87D4996F51D}.Debug|iPhoneSimulator.ActiveCfg = Debug|Any CPU
		{BCB54B6F-B844-48AA-8490-C87D4996F51D}.Debug|iPhoneSimulator.Build.0 = Debug|Any CPU
		{BCB54B6F-B844-48AA-8490-C87D4996F51D}.Debug|iPhoneSimulator.Deploy.0 = Debug|Any CPU
		{BCB54B6F-B844-48AA-8490-C87D4996F51D}.Release|Any CPU.ActiveCfg = Release|Any CPU
		{BCB54B6F-B844-48AA-8490-C87D4996F51D}.Release|Any CPU.Build.0 = Release|Any CPU
		{BCB54B6F-B844-48AA-8490-C87D4996F51D}.Release|Any CPU.Deploy.0 = Release|Any CPU
		{BCB54B6F-B844-48AA-8490-C87D4996F51D}.Release|iPhone.ActiveCfg = Release|Any CPU
		{BCB54B6F-B844-48AA-8490-C87D4996F51D}.Release|iPhone.Build.0 = Release|Any CPU
		{BCB54B6F-B844-48AA-8490-C87D4996F51D}.Release|iPhone.Deploy.0 = Release|Any CPU
		{BCB54B6F-B844-48AA-8490-C87D4996F51D}.Release|iPhoneSimulator.ActiveCfg = Release|Any CPU
		{BCB54B6F-B844-48AA-8490-C87D4996F51D}.Release|iPhoneSimulator.Build.0 = Release|Any CPU
		{BCB54B6F-B844-48AA-8490-C87D4996F51D}.Release|iPhoneSimulator.Deploy.0 = Release|Any CPU
		{31F3A88A-1011-4445-8BDA-4E3D92A16C61}.Ad-Hoc|Any CPU.ActiveCfg = Release|Any CPU
		{31F3A88A-1011-4445-8BDA-4E3D92A16C61}.Ad-Hoc|Any CPU.Build.0 = Release|Any CPU
		{31F3A88A-1011-4445-8BDA-4E3D92A16C61}.Ad-Hoc|iPhone.ActiveCfg = Release|Any CPU
		{31F3A88A-1011-4445-8BDA-4E3D92A16C61}.Ad-Hoc|iPhone.Build.0 = Release|Any CPU
		{31F3A88A-1011-4445-8BDA-4E3D92A16C61}.Ad-Hoc|iPhoneSimulator.ActiveCfg = Release|Any CPU
		{31F3A88A-1011-4445-8BDA-4E3D92A16C61}.Ad-Hoc|iPhoneSimulator.Build.0 = Release|Any CPU
		{31F3A88A-1011-4445-8BDA-4E3D92A16C61}.AppStore|Any CPU.ActiveCfg = Release|Any CPU
		{31F3A88A-1011-4445-8BDA-4E3D92A16C61}.AppStore|Any CPU.Build.0 = Release|Any CPU
		{31F3A88A-1011-4445-8BDA-4E3D92A16C61}.AppStore|iPhone.ActiveCfg = Release|Any CPU
		{31F3A88A-1011-4445-8BDA-4E3D92A16C61}.AppStore|iPhone.Build.0 = Release|Any CPU
		{31F3A88A-1011-4445-8BDA-4E3D92A16C61}.AppStore|iPhoneSimulator.ActiveCfg = Release|Any CPU
		{31F3A88A-1011-4445-8BDA-4E3D92A16C61}.AppStore|iPhoneSimulator.Build.0 = Release|Any CPU
		{31F3A88A-1011-4445-8BDA-4E3D92A16C61}.Debug|Any CPU.ActiveCfg = Debug|Any CPU
		{31F3A88A-1011-4445-8BDA-4E3D92A16C61}.Debug|Any CPU.Build.0 = Debug|Any CPU
		{31F3A88A-1011-4445-8BDA-4E3D92A16C61}.Debug|iPhone.ActiveCfg = Debug|Any CPU
		{31F3A88A-1011-4445-8BDA-4E3D92A16C61}.Debug|iPhone.Build.0 = Debug|Any CPU
		{31F3A88A-1011-4445-8BDA-4E3D92A16C61}.Debug|iPhoneSimulator.ActiveCfg = Debug|Any CPU
		{31F3A88A-1011-4445-8BDA-4E3D92A16C61}.Debug|iPhoneSimulator.Build.0 = Debug|Any CPU
		{31F3A88A-1011-4445-8BDA-4E3D92A16C61}.Release|Any CPU.ActiveCfg = Release|Any CPU
		{31F3A88A-1011-4445-8BDA-4E3D92A16C61}.Release|Any CPU.Build.0 = Release|Any CPU
		{31F3A88A-1011-4445-8BDA-4E3D92A16C61}.Release|iPhone.ActiveCfg = Release|Any CPU
		{31F3A88A-1011-4445-8BDA-4E3D92A16C61}.Release|iPhone.Build.0 = Release|Any CPU
		{31F3A88A-1011-4445-8BDA-4E3D92A16C61}.Release|iPhoneSimulator.ActiveCfg = Release|Any CPU
		{31F3A88A-1011-4445-8BDA-4E3D92A16C61}.Release|iPhoneSimulator.Build.0 = Release|Any CPU
		{050379E9-5AD9-4E4F-8915-261CE0ABCA12}.Ad-Hoc|Any CPU.ActiveCfg = Ad-Hoc|iPhone
		{050379E9-5AD9-4E4F-8915-261CE0ABCA12}.Ad-Hoc|iPhone.ActiveCfg = Ad-Hoc|iPhone
		{050379E9-5AD9-4E4F-8915-261CE0ABCA12}.Ad-Hoc|iPhone.Build.0 = Ad-Hoc|iPhone
		{050379E9-5AD9-4E4F-8915-261CE0ABCA12}.Ad-Hoc|iPhoneSimulator.ActiveCfg = Ad-Hoc|iPhoneSimulator
		{050379E9-5AD9-4E4F-8915-261CE0ABCA12}.Ad-Hoc|iPhoneSimulator.Build.0 = Ad-Hoc|iPhoneSimulator
		{050379E9-5AD9-4E4F-8915-261CE0ABCA12}.AppStore|Any CPU.ActiveCfg = AppStore|iPhone
		{050379E9-5AD9-4E4F-8915-261CE0ABCA12}.AppStore|iPhone.ActiveCfg = AppStore|iPhone
		{050379E9-5AD9-4E4F-8915-261CE0ABCA12}.AppStore|iPhone.Build.0 = AppStore|iPhone
		{050379E9-5AD9-4E4F-8915-261CE0ABCA12}.AppStore|iPhoneSimulator.ActiveCfg = AppStore|iPhoneSimulator
		{050379E9-5AD9-4E4F-8915-261CE0ABCA12}.AppStore|iPhoneSimulator.Build.0 = AppStore|iPhoneSimulator
		{050379E9-5AD9-4E4F-8915-261CE0ABCA12}.Debug|Any CPU.ActiveCfg = Debug|iPhone
		{050379E9-5AD9-4E4F-8915-261CE0ABCA12}.Debug|iPhone.ActiveCfg = Debug|iPhone
		{050379E9-5AD9-4E4F-8915-261CE0ABCA12}.Debug|iPhone.Build.0 = Debug|iPhone
		{050379E9-5AD9-4E4F-8915-261CE0ABCA12}.Debug|iPhoneSimulator.ActiveCfg = Debug|iPhoneSimulator
		{050379E9-5AD9-4E4F-8915-261CE0ABCA12}.Debug|iPhoneSimulator.Build.0 = Debug|iPhoneSimulator
		{050379E9-5AD9-4E4F-8915-261CE0ABCA12}.Release|Any CPU.ActiveCfg = Release|iPhone
		{050379E9-5AD9-4E4F-8915-261CE0ABCA12}.Release|iPhone.ActiveCfg = Release|iPhone
		{050379E9-5AD9-4E4F-8915-261CE0ABCA12}.Release|iPhone.Build.0 = Release|iPhone
		{050379E9-5AD9-4E4F-8915-261CE0ABCA12}.Release|iPhoneSimulator.ActiveCfg = Release|iPhoneSimulator
		{050379E9-5AD9-4E4F-8915-261CE0ABCA12}.Release|iPhoneSimulator.Build.0 = Release|iPhoneSimulator
	EndGlobalSection
	GlobalSection(SolutionProperties) = preSolution
		HideSolutionNode = FALSE
	EndGlobalSection
EndGlobal
